
Microsoft Visual Studio Solution File, Format Version 12.00
# Visual Studio 15
VisualStudioVersion = 15.0.28307.572
MinimumVisualStudioVersion = 10.0.40219.1
Project("{FAE04EC0-301F-11D3-BF4B-00C04F79EFBC}") = "300936630(Mizubuchi)_Test1", "300936630(Mizubuchi)_Test1\300936630(Mizubuchi)_Test1.csproj", "{B3D837A6-8193-49CF-BB0E-FF9F3C0DFA59}"
EndProject
Project("{FAE04EC0-301F-11D3-BF4B-00C04F79EFBC}") = "UserLibrary", "UserLibrary\UserLibrary.csproj", "{10E96D11-139E-4900-A41A-3644380F9C66}"
EndProject
Global
	GlobalSection(SolutionConfigurationPlatforms) = preSolution
		Debug|Any CPU = Debug|Any CPU
		Release|Any CPU = Release|Any CPU
	EndGlobalSection
	GlobalSection(ProjectConfigurationPlatforms) = postSolution
		{B3D837A6-8193-49CF-BB0E-FF9F3C0DFA59}.Debug|Any CPU.ActiveCfg = Debug|Any CPU
		{B3D837A6-8193-49CF-BB0E-FF9F3C0DFA59}.Debug|Any CPU.Build.0 = Debug|Any CPU
		{B3D837A6-8193-49CF-BB0E-FF9F3C0DFA59}.Release|Any CPU.ActiveCfg = Release|Any CPU
		{B3D837A6-8193-49CF-BB0E-FF9F3C0DFA59}.Release|Any CPU.Build.0 = Release|Any CPU
		{10E96D11-139E-4900-A41A-3644380F9C66}.Debug|Any CPU.ActiveCfg = Debug|Any CPU
		{10E96D11-139E-4900-A41A-3644380F9C66}.Debug|Any CPU.Build.0 = Debug|Any CPU
		{10E96D11-139E-4900-A41A-3644380F9C66}.Release|Any CPU.ActiveCfg = Release|Any CPU
		{10E96D11-139E-4900-A41A-3644380F9C66}.Release|Any CPU.Build.0 = Release|Any CPU
	EndGlobalSection
	GlobalSection(SolutionProperties) = preSolution
		HideSolutionNode = FALSE
	EndGlobalSection
	GlobalSection(ExtensibilityGlobals) = postSolution
		SolutionGuid = {9704852A-00C2-444C-AF61-5F69AA41352C}
	EndGlobalSection
EndGlobal
