
Microsoft Visual Studio Solution File, Format Version 12.00
# Visual Studio 15
VisualStudioVersion = 15.0.28307.757
MinimumVisualStudioVersion = 10.0.40219.1
Project("{FAE04EC0-301F-11D3-BF4B-00C04F79EFBC}") = "ProjectForReview", "ProjectForReview\ProjectForReview.csproj", "{3F39D7D9-E12C-4DE0-9217-280CBCF29D77}"
EndProject
Global
	GlobalSection(SolutionConfigurationPlatforms) = preSolution
		Debug|Any CPU = Debug|Any CPU
		Release|Any CPU = Release|Any CPU
	EndGlobalSection
	GlobalSection(ProjectConfigurationPlatforms) = postSolution
		{3F39D7D9-E12C-4DE0-9217-280CBCF29D77}.Debug|Any CPU.ActiveCfg = Debug|Any CPU
		{3F39D7D9-E12C-4DE0-9217-280CBCF29D77}.Debug|Any CPU.Build.0 = Debug|Any CPU
		{3F39D7D9-E12C-4DE0-9217-280CBCF29D77}.Release|Any CPU.ActiveCfg = Release|Any CPU
		{3F39D7D9-E12C-4DE0-9217-280CBCF29D77}.Release|Any CPU.Build.0 = Release|Any CPU
	EndGlobalSection
	GlobalSection(SolutionProperties) = preSolution
		HideSolutionNode = FALSE
	EndGlobalSection
	GlobalSection(ExtensibilityGlobals) = postSolution
		SolutionGuid = {C9146C37-0B08-49DE-8D6E-778C23D7C5D1}
	EndGlobalSection
EndGlobal
